
Microsoft Visual Studio Solution File, Format Version 12.00
Project("{FAE04EC0-301F-11D3-BF4B-00C04F79EFBC}") = "DllsGen", "DllsGen\DllsGen.csproj", "{45B5B2E2-3EF0-4191-BA41-7C61B093BA5D}"
EndProject
Global
	GlobalSection(SolutionConfigurationPlatforms) = preSolution
		Debug|Any CPU = Debug|Any CPU
		Release|Any CPU = Release|Any CPU
	EndGlobalSection
	GlobalSection(ProjectConfigurationPlatforms) = postSolution
		{45B5B2E2-3EF0-4191-BA41-7C61B093BA5D}.Debug|Any CPU.ActiveCfg = Debug|Any CPU
		{45B5B2E2-3EF0-4191-BA41-7C61B093BA5D}.Debug|Any CPU.Build.0 = Debug|Any CPU
		{45B5B2E2-3EF0-4191-BA41-7C61B093BA5D}.Release|Any CPU.ActiveCfg = Release|Any CPU
		{45B5B2E2-3EF0-4191-BA41-7C61B093BA5D}.Release|Any CPU.Build.0 = Release|Any CPU
	EndGlobalSection
EndGlobal
